// !$*UTF8*$!
{
	archiveVersion = 1;
	classes = {
	};
	objectVersion = 46;
	objects = {

/* Begin PBXBuildFile section */
		574628161AA1B641007D5BD9 /* main.m in Sources */ = {isa = PBXBuildFile; fileRef = 574628151AA1B641007D5BD9 /* main.m */; };
		574628191AA1B641007D5BD9 /* AppDelegate.m in Sources */ = {isa = PBXBuildFile; fileRef = 574628181AA1B641007D5BD9 /* AppDelegate.m */; };
		5746281C1AA1B641007D5BD9 /* ViewController.m in Sources */ = {isa = PBXBuildFile; fileRef = 5746281B1AA1B641007D5BD9 /* ViewController.m */; };
		574628211AA1B641007D5BD9 /* Images.xcassets in Resources */ = {isa = PBXBuildFile; fileRef = 574628201AA1B641007D5BD9 /* Images.xcassets */; };
		574628301AA1B641007D5BD9 /* RPFloatingPlaceholdersTestTests.m in Sources */ = {isa = PBXBuildFile; fileRef = 5746282F1AA1B641007D5BD9 /* RPFloatingPlaceholdersTestTests.m */; };
		574628401AA1B767007D5BD9 /* RPFloatingPlaceholderTextField.m in Sources */ = {isa = PBXBuildFile; fileRef = 5746283D1AA1B767007D5BD9 /* RPFloatingPlaceholderTextField.m */; };
		574628411AA1B767007D5BD9 /* RPFloatingPlaceholderTextView.m in Sources */ = {isa = PBXBuildFile; fileRef = 5746283F1AA1B767007D5BD9 /* RPFloatingPlaceholderTextView.m */; };
/* End PBXBuildFile section */

/* Begin PBXContainerItemProxy section */
		5746282A1AA1B641007D5BD9 /* PBXContainerItemProxy */ = {
			isa = PBXContainerItemProxy;
			containerPortal = 574628081AA1B641007D5BD9 /* Project object */;
			proxyType = 1;
			remoteGlobalIDString = 5746280F1AA1B641007D5BD9;
			remoteInfo = RPFloatingPlaceholdersTest;
		};
/* End PBXContainerItemProxy section */

/* Begin PBXFileReference section */
		574628101AA1B641007D5BD9 /* RPFloatingPlaceholdersTest.app */ = {isa = PBXFileReference; explicitFileType = wrapper.application; includeInIndex = 0; path = RPFloatingPlaceholdersTest.app; sourceTree = BUILT_PRODUCTS_DIR; };
		574628141AA1B641007D5BD9 /* Info.plist */ = {isa = PBXFileReference; lastKnownFileType = text.plist.xml; path = Info.plist; sourceTree = "<group>"; };
		574628151AA1B641007D5BD9 /* main.m */ = {isa = PBXFileReference; lastKnownFileType = sourcecode.c.objc; path = main.m; sourceTree = "<group>"; };
		574628171AA1B641007D5BD9 /* AppDelegate.h */ = {isa = PBXFileReference; lastKnownFileType = sourcecode.c.h; path = AppDelegate.h; sourceTree = "<group>"; };
		574628181AA1B641007D5BD9 /* AppDelegate.m */ = {isa = PBXFileReference; lastKnownFileType = sourcecode.c.objc; path = AppDelegate.m; sourceTree = "<group>"; };
		5746281A1AA1B641007D5BD9 /* ViewController.h */ = {isa = PBXFileReference; lastKnownFileType = sourcecode.c.h; path = ViewController.h; sourceTree = "<group>"; };
		5746281B1AA1B641007D5BD9 /* ViewController.m */ = {isa = PBXFileReference; lastKnownFileType = sourcecode.c.objc; path = ViewController.m; sourceTree = "<group>"; };
		574628201AA1B641007D5BD9 /* Images.xcassets */ = {isa = PBXFileReference; lastKnownFileType = folder.assetcatalog; path = Images.xcassets; sourceTree = "<group>"; };
		574628291AA1B641007D5BD9 /* RPFloatingPlaceholdersTestTests.xctest */ = {isa = PBXFileReference; explicitFileType = wrapper.cfbundle; includeInIndex = 0; path = RPFloatingPlaceholdersTestTests.xctest; sourceTree = BUILT_PRODUCTS_DIR; };
		5746282E1AA1B641007D5BD9 /* Info.plist */ = {isa = PBXFileReference; lastKnownFileType = text.plist.xml; path = Info.plist; sourceTree = "<group>"; };
		5746282F1AA1B641007D5BD9 /* RPFloatingPlaceholdersTestTests.m */ = {isa = PBXFileReference; lastKnownFileType = sourcecode.c.objc; path = RPFloatingPlaceholdersTestTests.m; sourceTree = "<group>"; };
		574628391AA1B67F007D5BD9 /* PrefixHeader.pch */ = {isa = PBXFileReference; lastKnownFileType = sourcecode.c.h; path = PrefixHeader.pch; sourceTree = "<group>"; };
		5746283B1AA1B767007D5BD9 /* RPFloatingPlaceholderConstants.h */ = {isa = PBXFileReference; fileEncoding = 4; lastKnownFileType = sourcecode.c.h; path = RPFloatingPlaceholderConstants.h; sourceTree = "<group>"; };
		5746283C1AA1B767007D5BD9 /* RPFloatingPlaceholderTextField.h */ = {isa = PBXFileReference; fileEncoding = 4; lastKnownFileType = sourcecode.c.h; path = RPFloatingPlaceholderTextField.h; sourceTree = "<group>"; };
		5746283D1AA1B767007D5BD9 /* RPFloatingPlaceholderTextField.m */ = {isa = PBXFileReference; fileEncoding = 4; lastKnownFileType = sourcecode.c.objc; path = RPFloatingPlaceholderTextField.m; sourceTree = "<group>"; };
		5746283E1AA1B767007D5BD9 /* RPFloatingPlaceholderTextView.h */ = {isa = PBXFileReference; fileEncoding = 4; lastKnownFileType = sourcecode.c.h; path = RPFloatingPlaceholderTextView.h; sourceTree = "<group>"; };
		5746283F1AA1B767007D5BD9 /* RPFloatingPlaceholderTextView.m */ = {isa = PBXFileReference; fileEncoding = 4; lastKnownFileType = sourcecode.c.objc; path = RPFloatingPlaceholderTextView.m; sourceTree = "<group>"; };
/* End PBXFileReference section */

/* Begin PBXFrameworksBuildPhase section */
		5746280D1AA1B641007D5BD9 /* Frameworks */ = {
			isa = PBXFrameworksBuildPhase;
			buildActionMask = 2147483647;
			files = (
			);
			runOnlyForDeploymentPostprocessing = 0;
		};
		574628261AA1B641007D5BD9 /* Frameworks */ = {
			isa = PBXFrameworksBuildPhase;
			buildActionMask = 2147483647;
			files = (
			);
			runOnlyForDeploymentPostprocessing = 0;
		};
/* End PBXFrameworksBuildPhase section */

/* Begin PBXGroup section */
		574628071AA1B641007D5BD9 = {
			isa = PBXGroup;
			children = (
				574628121AA1B641007D5BD9 /* RPFloatingPlaceholdersTest */,
				5746282C1AA1B641007D5BD9 /* RPFloatingPlaceholdersTestTests */,
				574628111AA1B641007D5BD9 /* Products */,
			);
			sourceTree = "<group>";
		};
		574628111AA1B641007D5BD9 /* Products */ = {
			isa = PBXGroup;
			children = (
				574628101AA1B641007D5BD9 /* RPFloatingPlaceholdersTest.app */,
				574628291AA1B641007D5BD9 /* RPFloatingPlaceholdersTestTests.xctest */,
			);
			name = Products;
			sourceTree = "<group>";
		};
		574628121AA1B641007D5BD9 /* RPFloatingPlaceholdersTest */ = {
			isa = PBXGroup;
			children = (
				5746283A1AA1B767007D5BD9 /* RPFloatingPlaceholders */,
				574628171AA1B641007D5BD9 /* AppDelegate.h */,
				574628181AA1B641007D5BD9 /* AppDelegate.m */,
				5746281A1AA1B641007D5BD9 /* ViewController.h */,
				5746281B1AA1B641007D5BD9 /* ViewController.m */,
				574628201AA1B641007D5BD9 /* Images.xcassets */,
				574628131AA1B641007D5BD9 /* Supporting Files */,
			);
			path = RPFloatingPlaceholdersTest;
			sourceTree = "<group>";
		};
		574628131AA1B641007D5BD9 /* Supporting Files */ = {
			isa = PBXGroup;
			children = (
				574628141AA1B641007D5BD9 /* Info.plist */,
				574628151AA1B641007D5BD9 /* main.m */,
				574628391AA1B67F007D5BD9 /* PrefixHeader.pch */,
			);
			name = "Supporting Files";
			sourceTree = "<group>";
		};
		5746282C1AA1B641007D5BD9 /* RPFloatingPlaceholdersTestTests */ = {
			isa = PBXGroup;
			children = (
				5746282F1AA1B641007D5BD9 /* RPFloatingPlaceholdersTestTests.m */,
				5746282D1AA1B641007D5BD9 /* Supporting Files */,
			);
			path = RPFloatingPlaceholdersTestTests;
			sourceTree = "<group>";
		};
		5746282D1AA1B641007D5BD9 /* Supporting Files */ = {
			isa = PBXGroup;
			children = (
				5746282E1AA1B641007D5BD9 /* Info.plist */,
			);
			name = "Supporting Files";
			sourceTree = "<group>";
		};
		5746283A1AA1B767007D5BD9 /* RPFloatingPlaceholders */ = {
			isa = PBXGroup;
			children = (
				5746283B1AA1B767007D5BD9 /* RPFloatingPlaceholderConstants.h */,
				5746283C1AA1B767007D5BD9 /* RPFloatingPlaceholderTextField.h */,
				5746283D1AA1B767007D5BD9 /* RPFloatingPlaceholderTextField.m */,
				5746283E1AA1B767007D5BD9 /* RPFloatingPlaceholderTextView.h */,
				5746283F1AA1B767007D5BD9 /* RPFloatingPlaceholderTextView.m */,
			);
			path = RPFloatingPlaceholders;
			sourceTree = "<group>";
		};
/* End PBXGroup section */

/* Begin PBXNativeTarget section */
		5746280F1AA1B641007D5BD9 /* RPFloatingPlaceholdersTest */ = {
			isa = PBXNativeTarget;
			buildConfigurationList = 574628331AA1B641007D5BD9 /* Build configuration list for PBXNativeTarget "RPFloatingPlaceholdersTest" */;
			buildPhases = (
				5746280C1AA1B641007D5BD9 /* Sources */,
				5746280D1AA1B641007D5BD9 /* Frameworks */,
				5746280E1AA1B641007D5BD9 /* Resources */,
			);
			buildRules = (
			);
			dependencies = (
			);
			name = RPFloatingPlaceholdersTest;
			productName = RPFloatingPlaceholdersTest;
			productReference = 574628101AA1B641007D5BD9 /* RPFloatingPlaceholdersTest.app */;
			productType = "com.apple.product-type.application";
		};
		574628281AA1B641007D5BD9 /* RPFloatingPlaceholdersTestTests */ = {
			isa = PBXNativeTarget;
			buildConfigurationList = 574628361AA1B641007D5BD9 /* Build configuration list for PBXNativeTarget "RPFloatingPlaceholdersTestTests" */;
			buildPhases = (
				574628251AA1B641007D5BD9 /* Sources */,
				574628261AA1B641007D5BD9 /* Frameworks */,
				574628271AA1B641007D5BD9 /* Resources */,
			);
			buildRules = (
			);
			dependencies = (
				5746282B1AA1B641007D5BD9 /* PBXTargetDependency */,
			);
			name = RPFloatingPlaceholdersTestTests;
			productName = RPFloatingPlaceholdersTestTests;
			productReference = 574628291AA1B641007D5BD9 /* RPFloatingPlaceholdersTestTests.xctest */;
			productType = "com.apple.product-type.bundle.unit-test";
		};
/* End PBXNativeTarget section */

/* Begin PBXProject section */
		574628081AA1B641007D5BD9 /* Project object */ = {
			isa = PBXProject;
			attributes = {
				LastUpgradeCheck = 0610;
				ORGANIZATIONNAME = NationSky;
				TargetAttributes = {
					5746280F1AA1B641007D5BD9 = {
						CreatedOnToolsVersion = 6.1.1;
					};
					574628281AA1B641007D5BD9 = {
						CreatedOnToolsVersion = 6.1.1;
						TestTargetID = 5746280F1AA1B641007D5BD9;
					};
				};
			};
			buildConfigurationList = 5746280B1AA1B641007D5BD9 /* Build configuration list for PBXProject "RPFloatingPlaceholdersTest" */;
			compatibilityVersion = "Xcode 3.2";
			developmentRegion = English;
			hasScannedForEncodings = 0;
			knownRegions = (
				en,
				Base,
			);
			mainGroup = 574628071AA1B641007D5BD9;
			productRefGroup = 574628111AA1B641007D5BD9 /* Products */;
			projectDirPath = "";
			projectRoot = "";
			targets = (
				5746280F1AA1B641007D5BD9 /* RPFloatingPlaceholdersTest */,
				574628281AA1B641007D5BD9 /* RPFloatingPlaceholdersTestTests */,
			);
		};
/* End PBXProject section */

/* Begin PBXResourcesBuildPhase section */
		5746280E1AA1B641007D5BD9 /* Resources */ = {
			isa = PBXResourcesBuildPhase;
			buildActionMask = 2147483647;
			files = (
				574628211AA1B641007D5BD9 /* Images.xcassets in Resources */,
			);
			runOnlyForDeploymentPostprocessing = 0;
		};
		574628271AA1B641007D5BD9 /* Resources */ = {
			isa = PBXResourcesBuildPhase;
			buildActionMask = 2147483647;
			files = (
			);
			runOnlyForDeploymentPostprocessing = 0;
		};
/* End PBXResourcesBuildPhase section */

/* Begin PBXSourcesBuildPhase section */
		5746280C1AA1B641007D5BD9 /* Sources */ = {
			isa = PBXSourcesBuildPhase;
			buildActionMask = 2147483647;
			files = (
				574628411AA1B767007D5BD9 /* RPFloatingPlaceholderTextView.m in Sources */,
				5746281C1AA1B641007D5BD9 /* ViewController.m in Sources */,
				574628191AA1B641007D5BD9 /* AppDelegate.m in Sources */,
				574628401AA1B767007D5BD9 /* RPFloatingPlaceholderTextField.m in Sources */,
				574628161AA1B641007D5BD9 /* main.m in Sources */,
			);
			runOnlyForDeploymentPostprocessing = 0;
		};
		574628251AA1B641007D5BD9 /* Sources */ = {
			isa = PBXSourcesBuildPhase;
			buildActionMask = 2147483647;
			files = (
				574628301AA1B641007D5BD9 /* RPFloatingPlaceholdersTestTests.m in Sources */,
			);
			runOnlyForDeploymentPostprocessing = 0;
		};
/* End PBXSourcesBuildPhase section */

/* Begin PBXTargetDependency section */
		5746282B1AA1B641007D5BD9 /* PBXTargetDependency */ = {
			isa = PBXTargetDependency;
			target = 5746280F1AA1B641007D5BD9 /* RPFloatingPlaceholdersTest */;
			targetProxy = 5746282A1AA1B641007D5BD9 /* PBXContainerItemProxy */;
		};
/* End PBXTargetDependency section */

/* Begin XCBuildConfiguration section */
		574628311AA1B641007D5BD9 /* Debug */ = {
			isa = XCBuildConfiguration;
			buildSettings = {
				ALWAYS_SEARCH_USER_PATHS = NO;
				CLANG_CXX_LANGUAGE_STANDARD = "gnu++0x";
				CLANG_CXX_LIBRARY = "libc++";
				CLANG_ENABLE_MODULES = YES;
				CLANG_ENABLE_OBJC_ARC = YES;
				CLANG_WARN_BOOL_CONVERSION = YES;
				CLANG_WARN_CONSTANT_CONVERSION = YES;
				CLANG_WARN_DIRECT_OBJC_ISA_USAGE = YES_ERROR;
				CLANG_WARN_EMPTY_BODY = YES;
				CLANG_WARN_ENUM_CONVERSION = YES;
				CLANG_WARN_INT_CONVERSION = YES;
				CLANG_WARN_OBJC_ROOT_CLASS = YES_ERROR;
				CLANG_WARN_UNREACHABLE_CODE = YES;
				CLANG_WARN__DUPLICATE_METHOD_MATCH = YES;
				"CODE_SIGN_IDENTITY[sdk=iphoneos*]" = "iPhone Developer";
				COPY_PHASE_STRIP = NO;
				ENABLE_STRICT_OBJC_MSGSEND = YES;
				GCC_C_LANGUAGE_STANDARD = gnu99;
				GCC_DYNAMIC_NO_PIC = NO;
				GCC_OPTIMIZATION_LEVEL = 0;
				GCC_PREPROCESSOR_DEFINITIONS = (
					"DEBUG=1",
					"$(inherited)",
				);
				GCC_SYMBOLS_PRIVATE_EXTERN = NO;
				GCC_WARN_64_TO_32_BIT_CONVERSION = YES;
				GCC_WARN_ABOUT_RETURN_TYPE = YES_ERROR;
				GCC_WARN_UNDECLARED_SELECTOR = YES;
				GCC_WARN_UNINITIALIZED_AUTOS = YES_AGGRESSIVE;
				GCC_WARN_UNUSED_FUNCTION = YES;
				GCC_WARN_UNUSED_VARIABLE = YES;
				IPHONEOS_DEPLOYMENT_TARGET = 8.1;
				MTL_ENABLE_DEBUG_INFO = YES;
				ONLY_ACTIVE_ARCH = YES;
				SDKROOT = iphoneos;
			};
			name = Debug;
		};
		574628321AA1B641007D5BD9 /* Release */ = {
			isa = XCBuildConfiguration;
			buildSettings = {
				ALWAYS_SEARCH_USER_PATHS = NO;
				CLANG_CXX_LANGUAGE_STANDARD = "gnu++0x";
				CLANG_CXX_LIBRARY = "libc++";
				CLANG_ENABLE_MODULES = YES;
				CLANG_ENABLE_OBJC_ARC = YES;
				CLANG_WARN_BOOL_CONVERSION = YES;
				CLANG_WARN_CONSTANT_CONVERSION = YES;
				CLANG_WARN_DIRECT_OBJC_ISA_USAGE = YES_ERROR;
				CLANG_WARN_EMPTY_BODY = YES;
				CLANG_WARN_ENUM_CONVERSION = YES;
				CLANG_WARN_INT_CONVERSION = YES;
				CLANG_WARN_OBJC_ROOT_CLASS = YES_ERROR;
				CLANG_WARN_UNREACHABLE_CODE = YES;
				CLANG_WARN__DUPLICATE_METHOD_MATCH = YES;
				"CODE_SIGN_IDENTITY[sdk=iphoneos*]" = "iPhone Developer";
				COPY_PHASE_STRIP = YES;
				ENABLE_NS_ASSERTIONS = NO;
				ENABLE_STRICT_OBJC_MSGSEND = YES;
				GCC_C_LANGUAGE_STANDARD = gnu99;
				GCC_WARN_64_TO_32_BIT_CONVERSION = YES;
				GCC_WARN_ABOUT_RETURN_TYPE = YES_ERROR;
				GCC_WARN_UNDECLARED_SELECTOR = YES;
				GCC_WARN_UNINITIALIZED_AUTOS = YES_AGGRESSIVE;
				GCC_WARN_UNUSED_FUNCTION = YES;
				GCC_WARN_UNUSED_VARIABLE = YES;
				IPHONEOS_DEPLOYMENT_TARGET = 8.1;
				MTL_ENABLE_DEBUG_INFO = NO;
				SDKROOT = iphoneos;
				VALIDATE_PRODUCT = YES;
			};
			name = Release;
		};
		574628341AA1B641007D5BD9 /* Debug */ = {
			isa = XCBuildConfiguration;
			buildSettings = {
				ASSETCATALOG_COMPILER_APPICON_NAME = AppIcon;
				ASSETCATALOG_COMPILER_LAUNCHIMAGE_NAME = LaunchImage;
				GCC_PREFIX_HEADER = RPFloatingPlaceholdersTest/PrefixHeader.pch;
				INFOPLIST_FILE = RPFloatingPlaceholdersTest/Info.plist;
				IPHONEOS_DEPLOYMENT_TARGET = 7.0;
				LD_RUNPATH_SEARCH_PATHS = "$(inherited) @executable_path/Frameworks";
				PRODUCT_NAME = "$(TARGET_NAME)";
			};
			name = Debug;
		};
		574628351AA1B641007D5BD9 /* Release */ = {
			isa = XCBuildConfiguration;
			buildSettings = {
				ASSETCATALOG_COMPILER_APPICON_NAME = AppIcon;
				ASSETCATALOG_COMPILER_LAUNCHIMAGE_NAME = LaunchImage;
				GCC_PREFIX_HEADER = RPFloatingPlaceholdersTest/PrefixHeader.pch;
				INFOPLIST_FILE = RPFloatingPlaceholdersTest/Info.plist;
				IPHONEOS_DEPLOYMENT_TARGET = 7.0;
				LD_RUNPATH_SEARCH_PATHS = "$(inherited) @executable_path/Frameworks";
				PRODUCT_NAME = "$(TARGET_NAME)";
			};
			name = Release;
		};
		574628371AA1B641007D5BD9 /* Debug */ = {
			isa = XCBuildConfiguration;
			buildSettings = {
				BUNDLE_LOADER = "$(TEST_HOST)";
				FRAMEWORK_SEARCH_PATHS = (
					"$(SDKROOT)/Developer/Library/Frameworks",
					"$(inherited)",
				);
				GCC_PREPROCESSOR_DEFINITIONS = (
					"DEBUG=1",
					"$(inherited)",
				);
				INFOPLIST_FILE = RPFloatingPlaceholdersTestTests/Info.plist;
				LD_RUNPATH_SEARCH_PATHS = "$(inherited) @executable_path/Frameworks @loader_path/Frameworks";
				PRODUCT_NAME = "$(TARGET_NAME)";
				TEST_HOST = "$(BUILT_PRODUCTS_DIR)/RPFloatingPlaceholdersTest.app/RPFloatingPlaceholdersTest";
			};
			name = Debug;
		};
		574628381AA1B641007D5BD9 /* Release */ = {
			isa = XCBuildConfiguration;
			buildSettings = {
				BUNDLE_LOADER = "$(TEST_HOST)";
				FRAMEWORK_SEARCH_PATHS = (
					"$(SDKROOT)/Developer/Library/Frameworks",
					"$(inherited)",
				);
				INFOPLIST_FILE = RPFloatingPlaceholdersTestTests/Info.plist;
				LD_RUNPATH_SEARCH_PATHS = "$(inherited) @executable_path/Frameworks @loader_path/Frameworks";
				PRODUCT_NAME = "$(TARGET_NAME)";
				TEST_HOST = "$(BUILT_PRODUCTS_DIR)/RPFloatingPlaceholdersTest.app/RPFloatingPlaceholdersTest";
			};
			name = Release;
		};
/* End XCBuildConfiguration section */

/* Begin XCConfigurationList section */
		5746280B1AA1B641007D5BD9 /* Build configuration list for PBXProject "RPFloatingPlaceholdersTest" */ = {
			isa = XCConfigurationList;
			buildConfigurations = (
				574628311AA1B641007D5BD9 /* Debug */,
				574628321AA1B641007D5BD9 /* Release */,
			);
			defaultConfigurationIsVisible = 0;
			defaultConfigurationName = Release;
		};
		574628331AA1B641007D5BD9 /* Build configuration list for PBXNativeTarget "RPFloatingPlaceholdersTest" */ = {
			isa = XCConfigurationList;
			buildConfigurations = (
				574628341AA1B641007D5BD9 /* Debug */,
				574628351AA1B641007D5BD9 /* Release */,
			);
			defaultConfigurationIsVisible = 0;
		};
		574628361AA1B641007D5BD9 /* Build configuration list for PBXNativeTarget "RPFloatingPlaceholdersTestTests" */ = {
			isa = XCConfigurationList;
			buildConfigurations = (
				574628371AA1B641007D5BD9 /* Debug */,
				574628381AA1B641007D5BD9 /* Release */,
			);
			defaultConfigurationIsVisible = 0;
		};
/* End XCConfigurationList section */
	};
	rootObject = 574628081AA1B641007D5BD9 /* Project object */;
}
